
Microsoft Visual Studio Solution File, Format Version 12.00
# Visual Studio 14
VisualStudioVersion = 14.0.25420.1
MinimumVisualStudioVersion = 10.0.40219.1
Project("{FAE04EC0-301F-11D3-BF4B-00C04F79EFBC}") = "NinjaDomain.Classes", "NinjaDomain.Classes\NinjaDomain.Classes.csproj", "{908F89C1-2402-445E-BEC5-B0DD5CC64CB0}"
EndProject
Project("{FAE04EC0-301F-11D3-BF4B-00C04F79EFBC}") = "NinjaDomain.DataModel", "NinjaDomain.DataModel\NinjaDomain.DataModel.csproj", "{1294FFB8-DF35-4EFF-BD2A-556045E9B748}"
EndProject
Global
	GlobalSection(SolutionConfigurationPlatforms) = preSolution
		Debug|Any CPU = Debug|Any CPU
		Release|Any CPU = Release|Any CPU
	EndGlobalSection
	GlobalSection(ProjectConfigurationPlatforms) = postSolution
		{908F89C1-2402-445E-BEC5-B0DD5CC64CB0}.Debug|Any CPU.ActiveCfg = Debug|Any CPU
		{908F89C1-2402-445E-BEC5-B0DD5CC64CB0}.Debug|Any CPU.Build.0 = Debug|Any CPU
		{908F89C1-2402-445E-BEC5-B0DD5CC64CB0}.Release|Any CPU.ActiveCfg = Release|Any CPU
		{908F89C1-2402-445E-BEC5-B0DD5CC64CB0}.Release|Any CPU.Build.0 = Release|Any CPU
		{1294FFB8-DF35-4EFF-BD2A-556045E9B748}.Debug|Any CPU.ActiveCfg = Debug|Any CPU
		{1294FFB8-DF35-4EFF-BD2A-556045E9B748}.Debug|Any CPU.Build.0 = Debug|Any CPU
		{1294FFB8-DF35-4EFF-BD2A-556045E9B748}.Release|Any CPU.ActiveCfg = Release|Any CPU
		{1294FFB8-DF35-4EFF-BD2A-556045E9B748}.Release|Any CPU.Build.0 = Release|Any CPU
	EndGlobalSection
	GlobalSection(SolutionProperties) = preSolution
		HideSolutionNode = FALSE
	EndGlobalSection
EndGlobal
